{
  "originHash" : "e5f16bacd4a4a267868453b778f87af0d39a683e5e32bb9b4b016b22c39b30ac",
  "pins" : [
    {
      "identity" : "zmarkupparser",
      "kind" : "remoteSourceControl",
      "location" : "https://github.com/ZhgChgLi/ZMarkupParser.git",
      "state" : {
        "revision" : "f25c9838e9e77ae49cc3f434ee26e669cb4043c7",
        "version" : "1.12.0"
      }
    },
    {
      "identity" : "znstextattachment",
      "kind" : "remoteSourceControl",
      "location" : "https://github.com/ZhgChgLi/ZNSTextAttachment",
      "state" : {
        "revision" : "91f718caf50649d817f189eb17ad028f03fd632b",
        "version" : "1.2.0"
      }
    }
  ],
  "version" : 3
}
