{
  "originHash" : "44a2580164741ff9e740252269d61647bf2749fc1f30f9e92c5a90e5b897ac98",
  "pins" : [
    {
      "identity" : "keychainaccess",
      "kind" : "remoteSourceControl",
      "location" : "https://github.com/kishikawakatsumi/KeychainAccess",
      "state" : {
        "branch" : "master",
        "revision" : "e0c7eebc5a4465a3c4680764f26b7a61f567cdaf"
      }
    },
    {
      "identity" : "matrix-rust-components-swift",
      "kind" : "remoteSourceControl",
      "location" : "https://github.com/matrix-org/matrix-rust-components-swift",
      "state" : {
        "branch" : "main",
        "revision" : "d382c50e5826836da2fa78b7077e39cf9cab6b27"
      }
    }
  ],
  "version" : 3
}
