{
  "originHash" : "cef1eb81361acd9acea13764bdc16f4787935d4b09f5dcc6bd8e53e93b503c29",
  "pins" : [
    {
      "identity" : "keychainaccess",
      "kind" : "remoteSourceControl",
      "location" : "https://github.com/kishikawakatsumi/KeychainAccess",
      "state" : {
        "branch" : "master",
        "revision" : "e0c7eebc5a4465a3c4680764f26b7a61f567cdaf"
      }
    },
    {
      "identity" : "matrix-rust-components-swift",
      "kind" : "remoteSourceControl",
      "location" : "https://github.com/matrix-org/matrix-rust-components-swift",
      "state" : {
        "branch" : "main",
        "revision" : "d382c50e5826836da2fa78b7077e39cf9cab6b27"
      }
    },
    {
      "identity" : "swift-async-algorithms",
      "kind" : "remoteSourceControl",
      "location" : "https://github.com/apple/swift-async-algorithms.git",
      "state" : {
        "revision" : "2971dd5d9f6e0515664b01044826bcea16e59fac",
        "version" : "1.1.2"
      }
    },
    {
      "identity" : "swift-collections",
      "kind" : "remoteSourceControl",
      "location" : "https://github.com/apple/swift-collections.git",
      "state" : {
        "revision" : "7b847a3b7008b2dc2f47ca3110d8c782fb2e5c7e",
        "version" : "1.3.0"
      }
    },
    {
      "identity" : "zmarkupparser",
      "kind" : "remoteSourceControl",
      "location" : "https://github.com/ZhgChgLi/ZMarkupParser.git",
      "state" : {
        "revision" : "f25c9838e9e77ae49cc3f434ee26e669cb4043c7",
        "version" : "1.12.0"
      }
    },
    {
      "identity" : "znstextattachment",
      "kind" : "remoteSourceControl",
      "location" : "https://github.com/ZhgChgLi/ZNSTextAttachment",
      "state" : {
        "revision" : "8c6c34e82eb31ad373b209cb88c2a2aff76c6cdf",
        "version" : "1.1.9"
      }
    }
  ],
  "version" : 3
}
